
Microsoft Visual Studio Solution File, Format Version 12.00
# Visual Studio 15
VisualStudioVersion = 15.0.26730.12
MinimumVisualStudioVersion = 10.0.40219.1
Project("{FAE04EC0-301F-11D3-BF4B-00C04F79EFBC}") = "Aula1AspNetMVC", "Aula1AspNetMVC\Aula1AspNetMVC.csproj", "{4FCA3DE9-A811-40A6-B9C3-9DD0E40E7B36}"
EndProject
Global
	GlobalSection(SolutionConfigurationPlatforms) = preSolution
		Debug|Any CPU = Debug|Any CPU
		Release|Any CPU = Release|Any CPU
	EndGlobalSection
	GlobalSection(ProjectConfigurationPlatforms) = postSolution
		{4FCA3DE9-A811-40A6-B9C3-9DD0E40E7B36}.Debug|Any CPU.ActiveCfg = Debug|Any CPU
		{4FCA3DE9-A811-40A6-B9C3-9DD0E40E7B36}.Debug|Any CPU.Build.0 = Debug|Any CPU
		{4FCA3DE9-A811-40A6-B9C3-9DD0E40E7B36}.Release|Any CPU.ActiveCfg = Release|Any CPU
		{4FCA3DE9-A811-40A6-B9C3-9DD0E40E7B36}.Release|Any CPU.Build.0 = Release|Any CPU
	EndGlobalSection
	GlobalSection(SolutionProperties) = preSolution
		HideSolutionNode = FALSE
	EndGlobalSection
	GlobalSection(ExtensibilityGlobals) = postSolution
		SolutionGuid = {10330A35-A10E-4D5C-B99B-8645E80F2D36}
	EndGlobalSection
EndGlobal
